
Microsoft Visual Studio Solution File, Format Version 12.00
# Visual Studio 14
VisualStudioVersion = 14.0.25420.1
MinimumVisualStudioVersion = 10.0.40219.1
Project("{FAE04EC0-301F-11D3-BF4B-00C04F79EFBC}") = "PhysicalDeviceManager", "PhysicalDeviceManager\PhysicalDeviceManager.csproj", "{658AF29A-BF13-455C-B725-CE07A8FFC960}"
EndProject
Project("{FAE04EC0-301F-11D3-BF4B-00C04F79EFBC}") = "DeviceIOManager", "DeviceIOManager\DeviceIOManager.csproj", "{0A6E1E01-D655-468E-B127-AACA199EDD3A}"
EndProject
Project("{FAE04EC0-301F-11D3-BF4B-00C04F79EFBC}") = "HidLibrary", "HidLibrary\HidLibrary.csproj", "{7560DC38-71F6-4012-AC0D-5410F0BD1E16}"
EndProject
Global
	GlobalSection(SolutionConfigurationPlatforms) = preSolution
		Debug|Any CPU = Debug|Any CPU
		Release|Any CPU = Release|Any CPU
	EndGlobalSection
	GlobalSection(ProjectConfigurationPlatforms) = postSolution
		{658AF29A-BF13-455C-B725-CE07A8FFC960}.Debug|Any CPU.ActiveCfg = Debug|Any CPU
		{658AF29A-BF13-455C-B725-CE07A8FFC960}.Debug|Any CPU.Build.0 = Debug|Any CPU
		{658AF29A-BF13-455C-B725-CE07A8FFC960}.Release|Any CPU.ActiveCfg = Release|Any CPU
		{658AF29A-BF13-455C-B725-CE07A8FFC960}.Release|Any CPU.Build.0 = Release|Any CPU
		{0A6E1E01-D655-468E-B127-AACA199EDD3A}.Debug|Any CPU.ActiveCfg = Debug|Any CPU
		{0A6E1E01-D655-468E-B127-AACA199EDD3A}.Debug|Any CPU.Build.0 = Debug|Any CPU
		{0A6E1E01-D655-468E-B127-AACA199EDD3A}.Release|Any CPU.ActiveCfg = Release|Any CPU
		{0A6E1E01-D655-468E-B127-AACA199EDD3A}.Release|Any CPU.Build.0 = Release|Any CPU
		{7560DC38-71F6-4012-AC0D-5410F0BD1E16}.Debug|Any CPU.ActiveCfg = Debug|Any CPU
		{7560DC38-71F6-4012-AC0D-5410F0BD1E16}.Debug|Any CPU.Build.0 = Debug|Any CPU
		{7560DC38-71F6-4012-AC0D-5410F0BD1E16}.Release|Any CPU.ActiveCfg = Release|Any CPU
		{7560DC38-71F6-4012-AC0D-5410F0BD1E16}.Release|Any CPU.Build.0 = Release|Any CPU
	EndGlobalSection
	GlobalSection(SolutionProperties) = preSolution
		HideSolutionNode = FALSE
	EndGlobalSection
EndGlobal
