
Microsoft Visual Studio Solution File, Format Version 12.00
# Visual Studio Version 16
VisualStudioVersion = 16.0.29201.188
MinimumVisualStudioVersion = 10.0.40219.1
Project("{FAE04EC0-301F-11D3-BF4B-00C04F79EFBC}") = "TcpCommunicator", "TcpCommunicator.csproj", "{DEC2E73F-4D05-49F6-97BE-FF4DF4F0D976}"
EndProject
Project("{FAE04EC0-301F-11D3-BF4B-00C04F79EFBC}") = "TcpClientApp", "..\TcpClient\TcpClientApp\TcpClientApp.csproj", "{3F307087-3886-4072-907D-E530E526DDFD}"
EndProject
Project("{FAE04EC0-301F-11D3-BF4B-00C04F79EFBC}") = "TcpServerApp", "..\TcpServer\TcpServerApp\TcpServerApp.csproj", "{3132F002-3513-4803-B08C-1168E6F30995}"
EndProject
Global
	GlobalSection(SolutionConfigurationPlatforms) = preSolution
		Debug|Any CPU = Debug|Any CPU
		Release|Any CPU = Release|Any CPU
	EndGlobalSection
	GlobalSection(ProjectConfigurationPlatforms) = postSolution
		{DEC2E73F-4D05-49F6-97BE-FF4DF4F0D976}.Debug|Any CPU.ActiveCfg = Debug|Any CPU
		{DEC2E73F-4D05-49F6-97BE-FF4DF4F0D976}.Debug|Any CPU.Build.0 = Debug|Any CPU
		{DEC2E73F-4D05-49F6-97BE-FF4DF4F0D976}.Release|Any CPU.ActiveCfg = Release|Any CPU
		{DEC2E73F-4D05-49F6-97BE-FF4DF4F0D976}.Release|Any CPU.Build.0 = Release|Any CPU
		{3F307087-3886-4072-907D-E530E526DDFD}.Debug|Any CPU.ActiveCfg = Debug|Any CPU
		{3F307087-3886-4072-907D-E530E526DDFD}.Debug|Any CPU.Build.0 = Debug|Any CPU
		{3F307087-3886-4072-907D-E530E526DDFD}.Release|Any CPU.ActiveCfg = Release|Any CPU
		{3F307087-3886-4072-907D-E530E526DDFD}.Release|Any CPU.Build.0 = Release|Any CPU
		{3132F002-3513-4803-B08C-1168E6F30995}.Debug|Any CPU.ActiveCfg = Debug|Any CPU
		{3132F002-3513-4803-B08C-1168E6F30995}.Debug|Any CPU.Build.0 = Debug|Any CPU
		{3132F002-3513-4803-B08C-1168E6F30995}.Release|Any CPU.ActiveCfg = Release|Any CPU
		{3132F002-3513-4803-B08C-1168E6F30995}.Release|Any CPU.Build.0 = Release|Any CPU
	EndGlobalSection
	GlobalSection(SolutionProperties) = preSolution
		HideSolutionNode = FALSE
	EndGlobalSection
	GlobalSection(ExtensibilityGlobals) = postSolution
		SolutionGuid = {A95C003B-2027-4268-9A2E-261FE8B27966}
	EndGlobalSection
EndGlobal
