
Microsoft Visual Studio Solution File, Format Version 12.00
# Visual Studio Version 17
VisualStudioVersion = 17.1.32328.378
MinimumVisualStudioVersion = 10.0.40219.1
Project("{FAE04EC0-301F-11D3-BF4B-00C04F79EFBC}") = "SeleniumCore", "SeleniumCore\SeleniumCore.csproj", "{4295A698-E53F-4A33-9BED-18798FFB21EC}"
EndProject
Project("{FAE04EC0-301F-11D3-BF4B-00C04F79EFBC}") = "Utilities", "Utilities\Utilities.csproj", "{5C0B9491-0454-4EA3-97BC-F2F6E029F42E}"
EndProject
Project("{FAE04EC0-301F-11D3-BF4B-00C04F79EFBC}") = "TestSuiteApi", "TestSuiteApi\TestSuiteApi.csproj", "{96891A48-B15F-4185-9E55-90D1B08FC71F}"
EndProject
Global
	GlobalSection(SolutionConfigurationPlatforms) = preSolution
		Debug|Any CPU = Debug|Any CPU
		Release|Any CPU = Release|Any CPU
	EndGlobalSection
	GlobalSection(ProjectConfigurationPlatforms) = postSolution
		{4295A698-E53F-4A33-9BED-18798FFB21EC}.Debug|Any CPU.ActiveCfg = Debug|Any CPU
		{4295A698-E53F-4A33-9BED-18798FFB21EC}.Debug|Any CPU.Build.0 = Debug|Any CPU
		{4295A698-E53F-4A33-9BED-18798FFB21EC}.Release|Any CPU.ActiveCfg = Release|Any CPU
		{4295A698-E53F-4A33-9BED-18798FFB21EC}.Release|Any CPU.Build.0 = Release|Any CPU
		{5C0B9491-0454-4EA3-97BC-F2F6E029F42E}.Debug|Any CPU.ActiveCfg = Debug|Any CPU
		{5C0B9491-0454-4EA3-97BC-F2F6E029F42E}.Debug|Any CPU.Build.0 = Debug|Any CPU
		{5C0B9491-0454-4EA3-97BC-F2F6E029F42E}.Release|Any CPU.ActiveCfg = Release|Any CPU
		{5C0B9491-0454-4EA3-97BC-F2F6E029F42E}.Release|Any CPU.Build.0 = Release|Any CPU
		{96891A48-B15F-4185-9E55-90D1B08FC71F}.Debug|Any CPU.ActiveCfg = Debug|Any CPU
		{96891A48-B15F-4185-9E55-90D1B08FC71F}.Debug|Any CPU.Build.0 = Debug|Any CPU
		{96891A48-B15F-4185-9E55-90D1B08FC71F}.Release|Any CPU.ActiveCfg = Release|Any CPU
		{96891A48-B15F-4185-9E55-90D1B08FC71F}.Release|Any CPU.Build.0 = Release|Any CPU
	EndGlobalSection
	GlobalSection(SolutionProperties) = preSolution
		HideSolutionNode = FALSE
	EndGlobalSection
	GlobalSection(ExtensibilityGlobals) = postSolution
		SolutionGuid = {6E8E400B-AB93-40DD-BC92-FFE3232D9112}
	EndGlobalSection
EndGlobal
