
Microsoft Visual Studio Solution File, Format Version 12.00
# Visual Studio Version 17
VisualStudioVersion = 17.5.33516.290
MinimumVisualStudioVersion = 10.0.40219.1
Project("{9A19103F-16F7-4668-BE54-9A1E7A4F7556}") = "SeleniumEngine", "Engines\SeleniumEngine\SeleniumEngine.csproj", "{0A652AB8-F526-4581-9DAB-151CC6E89470}"
EndProject
Project("{9A19103F-16F7-4668-BE54-9A1E7A4F7556}") = "Utilities", "Common\Utilities\Utilities.csproj", "{02E3808F-2669-49F6-BA8A-C653E8C5157F}"
EndProject
Project("{9A19103F-16F7-4668-BE54-9A1E7A4F7556}") = "UIMappings", "UIMappings\UIMappings.csproj", "{D3FC7353-7A08-4E41-BD13-BF997C201326}"
EndProject
Project("{9A19103F-16F7-4668-BE54-9A1E7A4F7556}") = "TestSuiteApi", "TestSuites\TestSuiteApi\TestSuiteApi.csproj", "{D92DD66A-B358-44B9-A694-D086A09433F7}"
EndProject
Project("{9A19103F-16F7-4668-BE54-9A1E7A4F7556}") = "TestSuiteWeb", "TestSuites\TestSuiteWeb\TestSuiteWeb.csproj", "{EA4C6FE2-DF76-437F-863C-6BC7A215B7F5}"
EndProject
Project("{9A19103F-16F7-4668-BE54-9A1E7A4F7556}") = "SharedTestSteps", "Common\SharedTestSteps\SharedTestSteps.csproj", "{E0C16CD9-DEA0-489A-AF24-513030CB9090}"
EndProject
Project("{9A19103F-16F7-4668-BE54-9A1E7A4F7556}") = "CommonCore", "Common\CommonCore\CommonCore.csproj", "{87C8D184-E2A8-45FE-9A44-43AA76539BFE}"
EndProject
Project("{2150E333-8FDC-42A3-9474-1A3956D46DE8}") = "Common", "Common", "{5F83A553-AFD2-41C9-B6CB-8340EFB551D5}"
EndProject
Project("{2150E333-8FDC-42A3-9474-1A3956D46DE8}") = "Engines", "Engines", "{0BAAD6D4-5D55-430E-AF42-45622B1F0521}"
EndProject
Project("{2150E333-8FDC-42A3-9474-1A3956D46DE8}") = "TestSuites", "TestSuites", "{2FAAF5BA-FBCA-45B0-8E6C-DF114D9F87B0}"
EndProject
Project("{2150E333-8FDC-42A3-9474-1A3956D46DE8}") = "Reporting", "Reporting", "{1894130A-B83D-470A-9E0C-174EE421A568}"
EndProject
Project("{9A19103F-16F7-4668-BE54-9A1E7A4F7556}") = "WinAppDriverEngine", "Engines\WinAppDriverEngine\WinAppDriverEngine.csproj", "{73B3154E-6913-4869-8E31-F80FD5F5A003}"
EndProject
Project("{9A19103F-16F7-4668-BE54-9A1E7A4F7556}") = "AppiumEngine", "Engines\AppiumEngine\AppiumEngine.csproj", "{6472500C-5091-4D45-BBE7-3CDC9F504AD6}"
EndProject
Project("{9A19103F-16F7-4668-BE54-9A1E7A4F7556}") = "APITestingEngine", "Engines\APITestingEngine\APITestingEngine.csproj", "{C3202DB5-16C4-4BA1-885F-25AC3DC966F4}"
EndProject
Project("{9A19103F-16F7-4668-BE54-9A1E7A4F7556}") = "TestSuiteMobile", "TestSuites\TestSuiteMobile\TestSuiteMobile.csproj", "{DDF0FC83-0383-45CB-A00B-B596C35190F7}"
EndProject
Project("{9A19103F-16F7-4668-BE54-9A1E7A4F7556}") = "TestSuiteDesktop", "TestSuites\TestSuiteDesktop\TestSuiteDesktop.csproj", "{9277711E-9806-48D3-8E8A-F0AB6D48A3BE}"
EndProject
Project("{FAE04EC0-301F-11D3-BF4B-00C04F79EFBC}") = "ReportGenerator", "ReportGenerator\ReportGenerator.csproj", "{028CE64D-3705-4C82-AF04-DC5EB2E5F119}"
EndProject
Project("{FAE04EC0-301F-11D3-BF4B-00C04F79EFBC}") = "ActionManagement", "ActionManagement\ActionManagement.csproj", "{BB8BA465-C442-4104-BBDE-813430220E12}"
EndProject
Global
	GlobalSection(SolutionConfigurationPlatforms) = preSolution
		Debug|Any CPU = Debug|Any CPU
		Release|Any CPU = Release|Any CPU
	EndGlobalSection
	GlobalSection(ProjectConfigurationPlatforms) = postSolution
		{0A652AB8-F526-4581-9DAB-151CC6E89470}.Debug|Any CPU.ActiveCfg = Debug|Any CPU
		{0A652AB8-F526-4581-9DAB-151CC6E89470}.Debug|Any CPU.Build.0 = Debug|Any CPU
		{0A652AB8-F526-4581-9DAB-151CC6E89470}.Release|Any CPU.ActiveCfg = Release|Any CPU
		{0A652AB8-F526-4581-9DAB-151CC6E89470}.Release|Any CPU.Build.0 = Release|Any CPU
		{02E3808F-2669-49F6-BA8A-C653E8C5157F}.Debug|Any CPU.ActiveCfg = Debug|Any CPU
		{02E3808F-2669-49F6-BA8A-C653E8C5157F}.Debug|Any CPU.Build.0 = Debug|Any CPU
		{02E3808F-2669-49F6-BA8A-C653E8C5157F}.Release|Any CPU.ActiveCfg = Release|Any CPU
		{02E3808F-2669-49F6-BA8A-C653E8C5157F}.Release|Any CPU.Build.0 = Release|Any CPU
		{D3FC7353-7A08-4E41-BD13-BF997C201326}.Debug|Any CPU.ActiveCfg = Debug|Any CPU
		{D3FC7353-7A08-4E41-BD13-BF997C201326}.Debug|Any CPU.Build.0 = Debug|Any CPU
		{D3FC7353-7A08-4E41-BD13-BF997C201326}.Release|Any CPU.ActiveCfg = Release|Any CPU
		{D3FC7353-7A08-4E41-BD13-BF997C201326}.Release|Any CPU.Build.0 = Release|Any CPU
		{D92DD66A-B358-44B9-A694-D086A09433F7}.Debug|Any CPU.ActiveCfg = Debug|Any CPU
		{D92DD66A-B358-44B9-A694-D086A09433F7}.Debug|Any CPU.Build.0 = Debug|Any CPU
		{D92DD66A-B358-44B9-A694-D086A09433F7}.Release|Any CPU.ActiveCfg = Release|Any CPU
		{D92DD66A-B358-44B9-A694-D086A09433F7}.Release|Any CPU.Build.0 = Release|Any CPU
		{EA4C6FE2-DF76-437F-863C-6BC7A215B7F5}.Debug|Any CPU.ActiveCfg = Debug|Any CPU
		{EA4C6FE2-DF76-437F-863C-6BC7A215B7F5}.Debug|Any CPU.Build.0 = Debug|Any CPU
		{EA4C6FE2-DF76-437F-863C-6BC7A215B7F5}.Release|Any CPU.ActiveCfg = Release|Any CPU
		{EA4C6FE2-DF76-437F-863C-6BC7A215B7F5}.Release|Any CPU.Build.0 = Release|Any CPU
		{E0C16CD9-DEA0-489A-AF24-513030CB9090}.Debug|Any CPU.ActiveCfg = Debug|Any CPU
		{E0C16CD9-DEA0-489A-AF24-513030CB9090}.Debug|Any CPU.Build.0 = Debug|Any CPU
		{E0C16CD9-DEA0-489A-AF24-513030CB9090}.Release|Any CPU.ActiveCfg = Release|Any CPU
		{E0C16CD9-DEA0-489A-AF24-513030CB9090}.Release|Any CPU.Build.0 = Release|Any CPU
		{87C8D184-E2A8-45FE-9A44-43AA76539BFE}.Debug|Any CPU.ActiveCfg = Debug|Any CPU
		{87C8D184-E2A8-45FE-9A44-43AA76539BFE}.Debug|Any CPU.Build.0 = Debug|Any CPU
		{87C8D184-E2A8-45FE-9A44-43AA76539BFE}.Release|Any CPU.ActiveCfg = Release|Any CPU
		{87C8D184-E2A8-45FE-9A44-43AA76539BFE}.Release|Any CPU.Build.0 = Release|Any CPU
		{73B3154E-6913-4869-8E31-F80FD5F5A003}.Debug|Any CPU.ActiveCfg = Debug|Any CPU
		{73B3154E-6913-4869-8E31-F80FD5F5A003}.Debug|Any CPU.Build.0 = Debug|Any CPU
		{73B3154E-6913-4869-8E31-F80FD5F5A003}.Release|Any CPU.ActiveCfg = Release|Any CPU
		{73B3154E-6913-4869-8E31-F80FD5F5A003}.Release|Any CPU.Build.0 = Release|Any CPU
		{6472500C-5091-4D45-BBE7-3CDC9F504AD6}.Debug|Any CPU.ActiveCfg = Debug|Any CPU
		{6472500C-5091-4D45-BBE7-3CDC9F504AD6}.Debug|Any CPU.Build.0 = Debug|Any CPU
		{6472500C-5091-4D45-BBE7-3CDC9F504AD6}.Release|Any CPU.ActiveCfg = Release|Any CPU
		{6472500C-5091-4D45-BBE7-3CDC9F504AD6}.Release|Any CPU.Build.0 = Release|Any CPU
		{C3202DB5-16C4-4BA1-885F-25AC3DC966F4}.Debug|Any CPU.ActiveCfg = Debug|Any CPU
		{C3202DB5-16C4-4BA1-885F-25AC3DC966F4}.Debug|Any CPU.Build.0 = Debug|Any CPU
		{C3202DB5-16C4-4BA1-885F-25AC3DC966F4}.Release|Any CPU.ActiveCfg = Release|Any CPU
		{C3202DB5-16C4-4BA1-885F-25AC3DC966F4}.Release|Any CPU.Build.0 = Release|Any CPU
		{DDF0FC83-0383-45CB-A00B-B596C35190F7}.Debug|Any CPU.ActiveCfg = Debug|Any CPU
		{DDF0FC83-0383-45CB-A00B-B596C35190F7}.Debug|Any CPU.Build.0 = Debug|Any CPU
		{DDF0FC83-0383-45CB-A00B-B596C35190F7}.Release|Any CPU.ActiveCfg = Release|Any CPU
		{DDF0FC83-0383-45CB-A00B-B596C35190F7}.Release|Any CPU.Build.0 = Release|Any CPU
		{9277711E-9806-48D3-8E8A-F0AB6D48A3BE}.Debug|Any CPU.ActiveCfg = Debug|Any CPU
		{9277711E-9806-48D3-8E8A-F0AB6D48A3BE}.Debug|Any CPU.Build.0 = Debug|Any CPU
		{9277711E-9806-48D3-8E8A-F0AB6D48A3BE}.Release|Any CPU.ActiveCfg = Release|Any CPU
		{9277711E-9806-48D3-8E8A-F0AB6D48A3BE}.Release|Any CPU.Build.0 = Release|Any CPU
		{028CE64D-3705-4C82-AF04-DC5EB2E5F119}.Debug|Any CPU.ActiveCfg = Debug|Any CPU
		{028CE64D-3705-4C82-AF04-DC5EB2E5F119}.Debug|Any CPU.Build.0 = Debug|Any CPU
		{028CE64D-3705-4C82-AF04-DC5EB2E5F119}.Release|Any CPU.ActiveCfg = Release|Any CPU
		{028CE64D-3705-4C82-AF04-DC5EB2E5F119}.Release|Any CPU.Build.0 = Release|Any CPU
		{BB8BA465-C442-4104-BBDE-813430220E12}.Debug|Any CPU.ActiveCfg = Debug|Any CPU
		{BB8BA465-C442-4104-BBDE-813430220E12}.Debug|Any CPU.Build.0 = Debug|Any CPU
		{BB8BA465-C442-4104-BBDE-813430220E12}.Release|Any CPU.ActiveCfg = Release|Any CPU
		{BB8BA465-C442-4104-BBDE-813430220E12}.Release|Any CPU.Build.0 = Release|Any CPU
	EndGlobalSection
	GlobalSection(SolutionProperties) = preSolution
		HideSolutionNode = FALSE
	EndGlobalSection
	GlobalSection(NestedProjects) = preSolution
		{0A652AB8-F526-4581-9DAB-151CC6E89470} = {0BAAD6D4-5D55-430E-AF42-45622B1F0521}
		{02E3808F-2669-49F6-BA8A-C653E8C5157F} = {5F83A553-AFD2-41C9-B6CB-8340EFB551D5}
		{D92DD66A-B358-44B9-A694-D086A09433F7} = {2FAAF5BA-FBCA-45B0-8E6C-DF114D9F87B0}
		{EA4C6FE2-DF76-437F-863C-6BC7A215B7F5} = {2FAAF5BA-FBCA-45B0-8E6C-DF114D9F87B0}
		{E0C16CD9-DEA0-489A-AF24-513030CB9090} = {5F83A553-AFD2-41C9-B6CB-8340EFB551D5}
		{87C8D184-E2A8-45FE-9A44-43AA76539BFE} = {5F83A553-AFD2-41C9-B6CB-8340EFB551D5}
		{73B3154E-6913-4869-8E31-F80FD5F5A003} = {0BAAD6D4-5D55-430E-AF42-45622B1F0521}
		{6472500C-5091-4D45-BBE7-3CDC9F504AD6} = {0BAAD6D4-5D55-430E-AF42-45622B1F0521}
		{C3202DB5-16C4-4BA1-885F-25AC3DC966F4} = {0BAAD6D4-5D55-430E-AF42-45622B1F0521}
		{DDF0FC83-0383-45CB-A00B-B596C35190F7} = {2FAAF5BA-FBCA-45B0-8E6C-DF114D9F87B0}
		{9277711E-9806-48D3-8E8A-F0AB6D48A3BE} = {2FAAF5BA-FBCA-45B0-8E6C-DF114D9F87B0}
		{028CE64D-3705-4C82-AF04-DC5EB2E5F119} = {1894130A-B83D-470A-9E0C-174EE421A568}
	EndGlobalSection
	GlobalSection(ExtensibilityGlobals) = postSolution
		SolutionGuid = {7139861A-D365-4DD8-871C-7A6F1CCD8C6B}
	EndGlobalSection
EndGlobal
